
Microsoft Visual Studio Solution File, Format Version 12.00
# Visual Studio 15
VisualStudioVersion = 15.0.27130.2027
MinimumVisualStudioVersion = 10.0.40219.1
Project("{FAE04EC0-301F-11D3-BF4B-00C04F79EFBC}") = "AProjects", "AProjects\AProjects.csproj", "{BFD828CF-CA5C-48BD-8041-00029C4F6718}"
EndProject
Global
	GlobalSection(SolutionConfigurationPlatforms) = preSolution
		Debug|Any CPU = Debug|Any CPU
		Release|Any CPU = Release|Any CPU
	EndGlobalSection
	GlobalSection(ProjectConfigurationPlatforms) = postSolution
		{BFD828CF-CA5C-48BD-8041-00029C4F6718}.Debug|Any CPU.ActiveCfg = Debug|Any CPU
		{BFD828CF-CA5C-48BD-8041-00029C4F6718}.Debug|Any CPU.Build.0 = Debug|Any CPU
		{BFD828CF-CA5C-48BD-8041-00029C4F6718}.Release|Any CPU.ActiveCfg = Release|Any CPU
		{BFD828CF-CA5C-48BD-8041-00029C4F6718}.Release|Any CPU.Build.0 = Release|Any CPU
	EndGlobalSection
	GlobalSection(SolutionProperties) = preSolution
		HideSolutionNode = FALSE
	EndGlobalSection
	GlobalSection(ExtensibilityGlobals) = postSolution
		SolutionGuid = {B2AF1785-3143-48F3-B3E7-5751AD24FD98}
	EndGlobalSection
EndGlobal
